// !$*UTF8*$!
{
	archiveVersion = 1;
	classes = {
	};
	objectVersion = 56;
	objects = {

/* Begin PBXBuildFile section */
		BE8C65D52B71999400C1C61C /* AppDelegate.swift in Sources */ = {isa = PBXBuildFile; fileRef = BE8C65D42B71999400C1C61C /* AppDelegate.swift */; };
		BE8C65D72B71999400C1C61C /* SceneDelegate.swift in Sources */ = {isa = PBXBuildFile; fileRef = BE8C65D62B71999400C1C61C /* SceneDelegate.swift */; };
		BE8C65D92B71999400C1C61C /* ViewController.swift in Sources */ = {isa = PBXBuildFile; fileRef = BE8C65D82B71999400C1C61C /* ViewController.swift */; };
		BE8C65DF2B71999400C1C61C /* Githubing.xcdatamodeld in Sources */ = {isa = PBXBuildFile; fileRef = BE8C65DD2B71999400C1C61C /* Githubing.xcdatamodeld */; };
		BE8C65E12B71999600C1C61C /* Assets.xcassets in Resources */ = {isa = PBXBuildFile; fileRef = BE8C65E02B71999600C1C61C /* Assets.xcassets */; };
		BE8C65E42B71999600C1C61C /* LaunchScreen.storyboard in Resources */ = {isa = PBXBuildFile; fileRef = BE8C65E22B71999600C1C61C /* LaunchScreen.storyboard */; };
		BE8C65F02B71999600C1C61C /* GithubingTests.swift in Sources */ = {isa = PBXBuildFile; fileRef = BE8C65EF2B71999600C1C61C /* GithubingTests.swift */; };
		BE8C65FA2B71999600C1C61C /* GithubingUITests.swift in Sources */ = {isa = PBXBuildFile; fileRef = BE8C65F92B71999600C1C61C /* GithubingUITests.swift */; };
		BE8C65FC2B71999600C1C61C /* GithubingUITestsLaunchTests.swift in Sources */ = {isa = PBXBuildFile; fileRef = BE8C65FB2B71999600C1C61C /* GithubingUITestsLaunchTests.swift */; };
/* End PBXBuildFile section */

/* Begin PBXContainerItemProxy section */
		BE8C65EC2B71999600C1C61C /* PBXContainerItemProxy */ = {
			isa = PBXContainerItemProxy;
			containerPortal = BE8C65C92B71999300C1C61C /* Project object */;
			proxyType = 1;
			remoteGlobalIDString = BE8C65D02B71999300C1C61C;
			remoteInfo = Githubing;
		};
		BE8C65F62B71999600C1C61C /* PBXContainerItemProxy */ = {
			isa = PBXContainerItemProxy;
			containerPortal = BE8C65C92B71999300C1C61C /* Project object */;
			proxyType = 1;
			remoteGlobalIDString = BE8C65D02B71999300C1C61C;
			remoteInfo = Githubing;
		};
/* End PBXContainerItemProxy section */

/* Begin PBXFileReference section */
		BE8C65D12B71999400C1C61C /* Githubing.app */ = {isa = PBXFileReference; explicitFileType = wrapper.application; includeInIndex = 0; path = Githubing.app; sourceTree = BUILT_PRODUCTS_DIR; };
		BE8C65D42B71999400C1C61C /* AppDelegate.swift */ = {isa = PBXFileReference; lastKnownFileType = sourcecode.swift; path = AppDelegate.swift; sourceTree = "<group>"; };
		BE8C65D62B71999400C1C61C /* SceneDelegate.swift */ = {isa = PBXFileReference; lastKnownFileType = sourcecode.swift; path = SceneDelegate.swift; sourceTree = "<group>"; };
		BE8C65D82B71999400C1C61C /* ViewController.swift */ = {isa = PBXFileReference; lastKnownFileType = sourcecode.swift; path = ViewController.swift; sourceTree = "<group>"; };
		BE8C65DE2B71999400C1C61C /* Githubing.xcdatamodel */ = {isa = PBXFileReference; lastKnownFileType = wrapper.xcdatamodel; path = Githubing.xcdatamodel; sourceTree = "<group>"; };
		BE8C65E02B71999600C1C61C /* Assets.xcassets */ = {isa = PBXFileReference; lastKnownFileType = folder.assetcatalog; path = Assets.xcassets; sourceTree = "<group>"; };
		BE8C65E32B71999600C1C61C /* Base */ = {isa = PBXFileReference; lastKnownFileType = file.storyboard; name = Base; path = Base.lproj/LaunchScreen.storyboard; sourceTree = "<group>"; };
		BE8C65E52B71999600C1C61C /* Githubing.entitlements */ = {isa = PBXFileReference; lastKnownFileType = text.plist.entitlements; path = Githubing.entitlements; sourceTree = "<group>"; };
		BE8C65E62B71999600C1C61C /* Info.plist */ = {isa = PBXFileReference; lastKnownFileType = text.plist.xml; path = Info.plist; sourceTree = "<group>"; };
		BE8C65EB2B71999600C1C61C /* GithubingTests.xctest */ = {isa = PBXFileReference; explicitFileType = wrapper.cfbundle; includeInIndex = 0; path = GithubingTests.xctest; sourceTree = BUILT_PRODUCTS_DIR; };
		BE8C65EF2B71999600C1C61C /* GithubingTests.swift */ = {isa = PBXFileReference; lastKnownFileType = sourcecode.swift; path = GithubingTests.swift; sourceTree = "<group>"; };
		BE8C65F52B71999600C1C61C /* GithubingUITests.xctest */ = {isa = PBXFileReference; explicitFileType = wrapper.cfbundle; includeInIndex = 0; path = GithubingUITests.xctest; sourceTree = BUILT_PRODUCTS_DIR; };
		BE8C65F92B71999600C1C61C /* GithubingUITests.swift */ = {isa = PBXFileReference; lastKnownFileType = sourcecode.swift; path = GithubingUITests.swift; sourceTree = "<group>"; };
		BE8C65FB2B71999600C1C61C /* GithubingUITestsLaunchTests.swift */ = {isa = PBXFileReference; lastKnownFileType = sourcecode.swift; path = GithubingUITestsLaunchTests.swift; sourceTree = "<group>"; };
/* End PBXFileReference section */

/* Begin PBXFrameworksBuildPhase section */
		BE8C65CE2B71999300C1C61C /* Frameworks */ = {
			isa = PBXFrameworksBuildPhase;
			buildActionMask = 2147483647;
			files = (
			);
			runOnlyForDeploymentPostprocessing = 0;
		};
		BE8C65E82B71999600C1C61C /* Frameworks */ = {
			isa = PBXFrameworksBuildPhase;
			buildActionMask = 2147483647;
			files = (
			);
			runOnlyForDeploymentPostprocessing = 0;
		};
		BE8C65F22B71999600C1C61C /* Frameworks */ = {
			isa = PBXFrameworksBuildPhase;
			buildActionMask = 2147483647;
			files = (
			);
			runOnlyForDeploymentPostprocessing = 0;
		};
/* End PBXFrameworksBuildPhase section */

/* Begin PBXGroup section */
		BE8C65C82B71999300C1C61C = {
			isa = PBXGroup;
			children = (
				BE8C65D32B71999400C1C61C /* Githubing */,
				BE8C65EE2B71999600C1C61C /* GithubingTests */,
				BE8C65F82B71999600C1C61C /* GithubingUITests */,
				BE8C65D22B71999400C1C61C /* Products */,
			);
			sourceTree = "<group>";
		};
		BE8C65D22B71999400C1C61C /* Products */ = {
			isa = PBXGroup;
			children = (
				BE8C65D12B71999400C1C61C /* Githubing.app */,
				BE8C65EB2B71999600C1C61C /* GithubingTests.xctest */,
				BE8C65F52B71999600C1C61C /* GithubingUITests.xctest */,
			);
			name = Products;
			sourceTree = "<group>";
		};
		BE8C65D32B71999400C1C61C /* Githubing */ = {
			isa = PBXGroup;
			children = (
				BE8C65D42B71999400C1C61C /* AppDelegate.swift */,
				BE8C65D62B71999400C1C61C /* SceneDelegate.swift */,
				BE8C65D82B71999400C1C61C /* ViewController.swift */,
				BE8C65E02B71999600C1C61C /* Assets.xcassets */,
				BE8C65E22B71999600C1C61C /* LaunchScreen.storyboard */,
				BE8C65E52B71999600C1C61C /* Githubing.entitlements */,
				BE8C65E62B71999600C1C61C /* Info.plist */,
				BE8C65DD2B71999400C1C61C /* Githubing.xcdatamodeld */,
			);
			path = Githubing;
			sourceTree = "<group>";
		};
		BE8C65EE2B71999600C1C61C /* GithubingTests */ = {
			isa = PBXGroup;
			children = (
				BE8C65EF2B71999600C1C61C /* GithubingTests.swift */,
			);
			path = GithubingTests;
			sourceTree = "<group>";
		};
		BE8C65F82B71999600C1C61C /* GithubingUITests */ = {
			isa = PBXGroup;
			children = (
				BE8C65F92B71999600C1C61C /* GithubingUITests.swift */,
				BE8C65FB2B71999600C1C61C /* GithubingUITestsLaunchTests.swift */,
			);
			path = GithubingUITests;
			sourceTree = "<group>";
		};
/* End PBXGroup section */

/* Begin PBXNativeTarget section */
		BE8C65D02B71999300C1C61C /* Githubing */ = {
			isa = PBXNativeTarget;
			buildConfigurationList = BE8C65FF2B71999600C1C61C /* Build configuration list for PBXNativeTarget "Githubing" */;
			buildPhases = (
				BE8C65CD2B71999300C1C61C /* Sources */,
				BE8C65CE2B71999300C1C61C /* Frameworks */,
				BE8C65CF2B71999300C1C61C /* Resources */,
			);
			buildRules = (
			);
			dependencies = (
			);
			name = Githubing;
			productName = Githubing;
			productReference = BE8C65D12B71999400C1C61C /* Githubing.app */;
			productType = "com.apple.product-type.application";
		};
		BE8C65EA2B71999600C1C61C /* GithubingTests */ = {
			isa = PBXNativeTarget;
			buildConfigurationList = BE8C66022B71999600C1C61C /* Build configuration list for PBXNativeTarget "GithubingTests" */;
			buildPhases = (
				BE8C65E72B71999600C1C61C /* Sources */,
				BE8C65E82B71999600C1C61C /* Frameworks */,
				BE8C65E92B71999600C1C61C /* Resources */,
			);
			buildRules = (
			);
			dependencies = (
				BE8C65ED2B71999600C1C61C /* PBXTargetDependency */,
			);
			name = GithubingTests;
			productName = GithubingTests;
			productReference = BE8C65EB2B71999600C1C61C /* GithubingTests.xctest */;
			productType = "com.apple.product-type.bundle.unit-test";
		};
		BE8C65F42B71999600C1C61C /* GithubingUITests */ = {
			isa = PBXNativeTarget;
			buildConfigurationList = BE8C66052B71999600C1C61C /* Build configuration list for PBXNativeTarget "GithubingUITests" */;
			buildPhases = (
				BE8C65F12B71999600C1C61C /* Sources */,
				BE8C65F22B71999600C1C61C /* Frameworks */,
				BE8C65F32B71999600C1C61C /* Resources */,
			);
			buildRules = (
			);
			dependencies = (
				BE8C65F72B71999600C1C61C /* PBXTargetDependency */,
			);
			name = GithubingUITests;
			productName = GithubingUITests;
			productReference = BE8C65F52B71999600C1C61C /* GithubingUITests.xctest */;
			productType = "com.apple.product-type.bundle.ui-testing";
		};
/* End PBXNativeTarget section */

/* Begin PBXProject section */
		BE8C65C92B71999300C1C61C /* Project object */ = {
			isa = PBXProject;
			attributes = {
				BuildIndependentTargetsInParallel = 1;
				LastSwiftUpdateCheck = 1520;
				LastUpgradeCheck = 1520;
				TargetAttributes = {
					BE8C65D02B71999300C1C61C = {
						CreatedOnToolsVersion = 15.2;
					};
					BE8C65EA2B71999600C1C61C = {
						CreatedOnToolsVersion = 15.2;
						TestTargetID = BE8C65D02B71999300C1C61C;
					};
					BE8C65F42B71999600C1C61C = {
						CreatedOnToolsVersion = 15.2;
						TestTargetID = BE8C65D02B71999300C1C61C;
					};
				};
			};
			buildConfigurationList = BE8C65CC2B71999300C1C61C /* Build configuration list for PBXProject "Githubing" */;
			compatibilityVersion = "Xcode 14.0";
			developmentRegion = en;
			hasScannedForEncodings = 0;
			knownRegions = (
				en,
				Base,
			);
			mainGroup = BE8C65C82B71999300C1C61C;
			productRefGroup = BE8C65D22B71999400C1C61C /* Products */;
			projectDirPath = "";
			projectRoot = "";
			targets = (
				BE8C65D02B71999300C1C61C /* Githubing */,
				BE8C65EA2B71999600C1C61C /* GithubingTests */,
				BE8C65F42B71999600C1C61C /* GithubingUITests */,
			);
		};
/* End PBXProject section */

/* Begin PBXResourcesBuildPhase section */
		BE8C65CF2B71999300C1C61C /* Resources */ = {
			isa = PBXResourcesBuildPhase;
			buildActionMask = 2147483647;
			files = (
				BE8C65E42B71999600C1C61C /* LaunchScreen.storyboard in Resources */,
				BE8C65E12B71999600C1C61C /* Assets.xcassets in Resources */,
			);
			runOnlyForDeploymentPostprocessing = 0;
		};
		BE8C65E92B71999600C1C61C /* Resources */ = {
			isa = PBXResourcesBuildPhase;
			buildActionMask = 2147483647;
			files = (
			);
			runOnlyForDeploymentPostprocessing = 0;
		};
		BE8C65F32B71999600C1C61C /* Resources */ = {
			isa = PBXResourcesBuildPhase;
			buildActionMask = 2147483647;
			files = (
			);
			runOnlyForDeploymentPostprocessing = 0;
		};
/* End PBXResourcesBuildPhase section */

/* Begin PBXSourcesBuildPhase section */
		BE8C65CD2B71999300C1C61C /* Sources */ = {
			isa = PBXSourcesBuildPhase;
			buildActionMask = 2147483647;
			files = (
				BE8C65D92B71999400C1C61C /* ViewController.swift in Sources */,
				BE8C65D52B71999400C1C61C /* AppDelegate.swift in Sources */,
				BE8C65D72B71999400C1C61C /* SceneDelegate.swift in Sources */,
				BE8C65DF2B71999400C1C61C /* Githubing.xcdatamodeld in Sources */,
			);
			runOnlyForDeploymentPostprocessing = 0;
		};
		BE8C65E72B71999600C1C61C /* Sources */ = {
			isa = PBXSourcesBuildPhase;
			buildActionMask = 2147483647;
			files = (
				BE8C65F02B71999600C1C61C /* GithubingTests.swift in Sources */,
			);
			runOnlyForDeploymentPostprocessing = 0;
		};
		BE8C65F12B71999600C1C61C /* Sources */ = {
			isa = PBXSourcesBuildPhase;
			buildActionMask = 2147483647;
			files = (
				BE8C65FC2B71999600C1C61C /* GithubingUITestsLaunchTests.swift in Sources */,
				BE8C65FA2B71999600C1C61C /* GithubingUITests.swift in Sources */,
			);
			runOnlyForDeploymentPostprocessing = 0;
		};
/* End PBXSourcesBuildPhase section */

/* Begin PBXTargetDependency section */
		BE8C65ED2B71999600C1C61C /* PBXTargetDependency */ = {
			isa = PBXTargetDependency;
			target = BE8C65D02B71999300C1C61C /* Githubing */;
			targetProxy = BE8C65EC2B71999600C1C61C /* PBXContainerItemProxy */;
		};
		BE8C65F72B71999600C1C61C /* PBXTargetDependency */ = {
			isa = PBXTargetDependency;
			target = BE8C65D02B71999300C1C61C /* Githubing */;
			targetProxy = BE8C65F62B71999600C1C61C /* PBXContainerItemProxy */;
		};
/* End PBXTargetDependency section */

/* Begin PBXVariantGroup section */
		BE8C65E22B71999600C1C61C /* LaunchScreen.storyboard */ = {
			isa = PBXVariantGroup;
			children = (
				BE8C65E32B71999600C1C61C /* Base */,
			);
			name = LaunchScreen.storyboard;
			sourceTree = "<group>";
		};
/* End PBXVariantGroup section */

/* Begin XCBuildConfiguration section */
		BE8C65FD2B71999600C1C61C /* Debug */ = {
			isa = XCBuildConfiguration;
			buildSettings = {
				ALWAYS_SEARCH_USER_PATHS = NO;
				ASSETCATALOG_COMPILER_GENERATE_SWIFT_ASSET_SYMBOL_EXTENSIONS = YES;
				CLANG_ANALYZER_NONNULL = YES;
				CLANG_ANALYZER_NUMBER_OBJECT_CONVERSION = YES_AGGRESSIVE;
				CLANG_CXX_LANGUAGE_STANDARD = "gnu++20";
				CLANG_ENABLE_MODULES = YES;
				CLANG_ENABLE_OBJC_ARC = YES;
				CLANG_ENABLE_OBJC_WEAK = YES;
				CLANG_WARN_BLOCK_CAPTURE_AUTORELEASING = YES;
				CLANG_WARN_BOOL_CONVERSION = YES;
				CLANG_WARN_COMMA = YES;
				CLANG_WARN_CONSTANT_CONVERSION = YES;
				CLANG_WARN_DEPRECATED_OBJC_IMPLEMENTATIONS = YES;
				CLANG_WARN_DIRECT_OBJC_ISA_USAGE = YES_ERROR;
				CLANG_WARN_DOCUMENTATION_COMMENTS = YES;
				CLANG_WARN_EMPTY_BODY = YES;
				CLANG_WARN_ENUM_CONVERSION = YES;
				CLANG_WARN_INFINITE_RECURSION = YES;
				CLANG_WARN_INT_CONVERSION = YES;
				CLANG_WARN_NON_LITERAL_NULL_CONVERSION = YES;
				CLANG_WARN_OBJC_IMPLICIT_RETAIN_SELF = YES;
				CLANG_WARN_OBJC_LITERAL_CONVERSION = YES;
				CLANG_WARN_OBJC_ROOT_CLASS = YES_ERROR;
				CLANG_WARN_QUOTED_INCLUDE_IN_FRAMEWORK_HEADER = YES;
				CLANG_WARN_RANGE_LOOP_ANALYSIS = YES;
				CLANG_WARN_STRICT_PROTOTYPES = YES;
				CLANG_WARN_SUSPICIOUS_MOVE = YES;
				CLANG_WARN_UNGUARDED_AVAILABILITY = YES_AGGRESSIVE;
				CLANG_WARN_UNREACHABLE_CODE = YES;
				CLANG_WARN__DUPLICATE_METHOD_MATCH = YES;
				COPY_PHASE_STRIP = NO;
				DEBUG_INFORMATION_FORMAT = dwarf;
				ENABLE_STRICT_OBJC_MSGSEND = YES;
				ENABLE_TESTABILITY = YES;
				ENABLE_USER_SCRIPT_SANDBOXING = YES;
				GCC_C_LANGUAGE_STANDARD = gnu17;
				GCC_DYNAMIC_NO_PIC = NO;
				GCC_NO_COMMON_BLOCKS = YES;
				GCC_OPTIMIZATION_LEVEL = 0;
				GCC_PREPROCESSOR_DEFINITIONS = (
					"DEBUG=1",
					"$(inherited)",
				);
				GCC_WARN_64_TO_32_BIT_CONVERSION = YES;
				GCC_WARN_ABOUT_RETURN_TYPE = YES_ERROR;
				GCC_WARN_UNDECLARED_SELECTOR = YES;
				GCC_WARN_UNINITIALIZED_AUTOS = YES_AGGRESSIVE;
				GCC_WARN_UNUSED_FUNCTION = YES;
				GCC_WARN_UNUSED_VARIABLE = YES;
				IPHONEOS_DEPLOYMENT_TARGET = 17.2;
				LOCALIZATION_PREFERS_STRING_CATALOGS = YES;
				MTL_ENABLE_DEBUG_INFO = INCLUDE_SOURCE;
				MTL_FAST_MATH = YES;
				ONLY_ACTIVE_ARCH = YES;
				SDKROOT = iphoneos;
				SWIFT_ACTIVE_COMPILATION_CONDITIONS = "DEBUG $(inherited)";
				SWIFT_OPTIMIZATION_LEVEL = "-Onone";
			};
			name = Debug;
		};
		BE8C65FE2B71999600C1C61C /* Release */ = {
			isa = XCBuildConfiguration;
			buildSettings = {
				ALWAYS_SEARCH_USER_PATHS = NO;
				ASSETCATALOG_COMPILER_GENERATE_SWIFT_ASSET_SYMBOL_EXTENSIONS = YES;
				CLANG_ANALYZER_NONNULL = YES;
				CLANG_ANALYZER_NUMBER_OBJECT_CONVERSION = YES_AGGRESSIVE;
				CLANG_CXX_LANGUAGE_STANDARD = "gnu++20";
				CLANG_ENABLE_MODULES = YES;
				CLANG_ENABLE_OBJC_ARC = YES;
				CLANG_ENABLE_OBJC_WEAK = YES;
				CLANG_WARN_BLOCK_CAPTURE_AUTORELEASING = YES;
				CLANG_WARN_BOOL_CONVERSION = YES;
				CLANG_WARN_COMMA = YES;
				CLANG_WARN_CONSTANT_CONVERSION = YES;
				CLANG_WARN_DEPRECATED_OBJC_IMPLEMENTATIONS = YES;
				CLANG_WARN_DIRECT_OBJC_ISA_USAGE = YES_ERROR;
				CLANG_WARN_DOCUMENTATION_COMMENTS = YES;
				CLANG_WARN_EMPTY_BODY = YES;
				CLANG_WARN_ENUM_CONVERSION = YES;
				CLANG_WARN_INFINITE_RECURSION = YES;
				CLANG_WARN_INT_CONVERSION = YES;
				CLANG_WARN_NON_LITERAL_NULL_CONVERSION = YES;
				CLANG_WARN_OBJC_IMPLICIT_RETAIN_SELF = YES;
				CLANG_WARN_OBJC_LITERAL_CONVERSION = YES;
				CLANG_WARN_OBJC_ROOT_CLASS = YES_ERROR;
				CLANG_WARN_QUOTED_INCLUDE_IN_FRAMEWORK_HEADER = YES;
				CLANG_WARN_RANGE_LOOP_ANALYSIS = YES;
				CLANG_WARN_STRICT_PROTOTYPES = YES;
				CLANG_WARN_SUSPICIOUS_MOVE = YES;
				CLANG_WARN_UNGUARDED_AVAILABILITY = YES_AGGRESSIVE;
				CLANG_WARN_UNREACHABLE_CODE = YES;
				CLANG_WARN__DUPLICATE_METHOD_MATCH = YES;
				COPY_PHASE_STRIP = NO;
				DEBUG_INFORMATION_FORMAT = "dwarf-with-dsym";
				ENABLE_NS_ASSERTIONS = NO;
				ENABLE_STRICT_OBJC_MSGSEND = YES;
				ENABLE_USER_SCRIPT_SANDBOXING = YES;
				GCC_C_LANGUAGE_STANDARD = gnu17;
				GCC_NO_COMMON_BLOCKS = YES;
				GCC_WARN_64_TO_32_BIT_CONVERSION = YES;
				GCC_WARN_ABOUT_RETURN_TYPE = YES_ERROR;
				GCC_WARN_UNDECLARED_SELECTOR = YES;
				GCC_WARN_UNINITIALIZED_AUTOS = YES_AGGRESSIVE;
				GCC_WARN_UNUSED_FUNCTION = YES;
				GCC_WARN_UNUSED_VARIABLE = YES;
				IPHONEOS_DEPLOYMENT_TARGET = 17.2;
				LOCALIZATION_PREFERS_STRING_CATALOGS = YES;
				MTL_ENABLE_DEBUG_INFO = NO;
				MTL_FAST_MATH = YES;
				SDKROOT = iphoneos;
				SWIFT_COMPILATION_MODE = wholemodule;
				VALIDATE_PRODUCT = YES;
			};
			name = Release;
		};
		BE8C66002B71999600C1C61C /* Debug */ = {
			isa = XCBuildConfiguration;
			buildSettings = {
				ASSETCATALOG_COMPILER_APPICON_NAME = AppIcon;
				ASSETCATALOG_COMPILER_GLOBAL_ACCENT_COLOR_NAME = AccentColor;
				CODE_SIGN_ENTITLEMENTS = Githubing/Githubing.entitlements;
				CODE_SIGN_STYLE = Automatic;
				CURRENT_PROJECT_VERSION = 1;
				DEVELOPMENT_TEAM = 77QB78PHPH;
				GENERATE_INFOPLIST_FILE = YES;
				INFOPLIST_FILE = Githubing/Info.plist;
				INFOPLIST_KEY_UIApplicationSupportsIndirectInputEvents = YES;
				INFOPLIST_KEY_UILaunchStoryboardName = LaunchScreen;
				INFOPLIST_KEY_UISupportedInterfaceOrientations_iPad = "UIInterfaceOrientationPortrait UIInterfaceOrientationPortraitUpsideDown UIInterfaceOrientationLandscapeLeft UIInterfaceOrientationLandscapeRight";
				INFOPLIST_KEY_UISupportedInterfaceOrientations_iPhone = "UIInterfaceOrientationPortrait UIInterfaceOrientationLandscapeLeft UIInterfaceOrientationLandscapeRight";
				LD_RUNPATH_SEARCH_PATHS = (
					"$(inherited)",
					"@executable_path/Frameworks",
				);
				MARKETING_VERSION = 1.0;
				PRODUCT_BUNDLE_IDENTIFIER = com.saults.Githubing;
				PRODUCT_NAME = "$(TARGET_NAME)";
				SWIFT_EMIT_LOC_STRINGS = YES;
				SWIFT_VERSION = 5.0;
				TARGETED_DEVICE_FAMILY = "1,2";
			};
			name = Debug;
		};
		BE8C66012B71999600C1C61C /* Release */ = {
			isa = XCBuildConfiguration;
			buildSettings = {
				ASSETCATALOG_COMPILER_APPICON_NAME = AppIcon;
				ASSETCATALOG_COMPILER_GLOBAL_ACCENT_COLOR_NAME = AccentColor;
				CODE_SIGN_ENTITLEMENTS = Githubing/Githubing.entitlements;
				CODE_SIGN_STYLE = Automatic;
				CURRENT_PROJECT_VERSION = 1;
				DEVELOPMENT_TEAM = 77QB78PHPH;
				GENERATE_INFOPLIST_FILE = YES;
				INFOPLIST_FILE = Githubing/Info.plist;
				INFOPLIST_KEY_UIApplicationSupportsIndirectInputEvents = YES;
				INFOPLIST_KEY_UILaunchStoryboardName = LaunchScreen;
				INFOPLIST_KEY_UISupportedInterfaceOrientations_iPad = "UIInterfaceOrientationPortrait UIInterfaceOrientationPortraitUpsideDown UIInterfaceOrientationLandscapeLeft UIInterfaceOrientationLandscapeRight";
				INFOPLIST_KEY_UISupportedInterfaceOrientations_iPhone = "UIInterfaceOrientationPortrait UIInterfaceOrientationLandscapeLeft UIInterfaceOrientationLandscapeRight";
				LD_RUNPATH_SEARCH_PATHS = (
					"$(inherited)",
					"@executable_path/Frameworks",
				);
				MARKETING_VERSION = 1.0;
				PRODUCT_BUNDLE_IDENTIFIER = com.saults.Githubing;
				PRODUCT_NAME = "$(TARGET_NAME)";
				SWIFT_EMIT_LOC_STRINGS = YES;
				SWIFT_VERSION = 5.0;
				TARGETED_DEVICE_FAMILY = "1,2";
			};
			name = Release;
		};
		BE8C66032B71999600C1C61C /* Debug */ = {
			isa = XCBuildConfiguration;
			buildSettings = {
				ALWAYS_EMBED_SWIFT_STANDARD_LIBRARIES = YES;
				BUNDLE_LOADER = "$(TEST_HOST)";
				CODE_SIGN_STYLE = Automatic;
				CURRENT_PROJECT_VERSION = 1;
				DEVELOPMENT_TEAM = 77QB78PHPH;
				GENERATE_INFOPLIST_FILE = YES;
				IPHONEOS_DEPLOYMENT_TARGET = 17.2;
				MARKETING_VERSION = 1.0;
				PRODUCT_BUNDLE_IDENTIFIER = com.saults.GithubingTests;
				PRODUCT_NAME = "$(TARGET_NAME)";
				SWIFT_EMIT_LOC_STRINGS = NO;
				SWIFT_VERSION = 5.0;
				TARGETED_DEVICE_FAMILY = "1,2";
				TEST_HOST = "$(BUILT_PRODUCTS_DIR)/Githubing.app/$(BUNDLE_EXECUTABLE_FOLDER_PATH)/Githubing";
			};
			name = Debug;
		};
		BE8C66042B71999600C1C61C /* Release */ = {
			isa = XCBuildConfiguration;
			buildSettings = {
				ALWAYS_EMBED_SWIFT_STANDARD_LIBRARIES = YES;
				BUNDLE_LOADER = "$(TEST_HOST)";
				CODE_SIGN_STYLE = Automatic;
				CURRENT_PROJECT_VERSION = 1;
				DEVELOPMENT_TEAM = 77QB78PHPH;
				GENERATE_INFOPLIST_FILE = YES;
				IPHONEOS_DEPLOYMENT_TARGET = 17.2;
				MARKETING_VERSION = 1.0;
				PRODUCT_BUNDLE_IDENTIFIER = com.saults.GithubingTests;
				PRODUCT_NAME = "$(TARGET_NAME)";
				SWIFT_EMIT_LOC_STRINGS = NO;
				SWIFT_VERSION = 5.0;
				TARGETED_DEVICE_FAMILY = "1,2";
				TEST_HOST = "$(BUILT_PRODUCTS_DIR)/Githubing.app/$(BUNDLE_EXECUTABLE_FOLDER_PATH)/Githubing";
			};
			name = Release;
		};
		BE8C66062B71999600C1C61C /* Debug */ = {
			isa = XCBuildConfiguration;
			buildSettings = {
				ALWAYS_EMBED_SWIFT_STANDARD_LIBRARIES = YES;
				CODE_SIGN_STYLE = Automatic;
				CURRENT_PROJECT_VERSION = 1;
				DEVELOPMENT_TEAM = 77QB78PHPH;
				GENERATE_INFOPLIST_FILE = YES;
				MARKETING_VERSION = 1.0;
				PRODUCT_BUNDLE_IDENTIFIER = com.saults.GithubingUITests;
				PRODUCT_NAME = "$(TARGET_NAME)";
				SWIFT_EMIT_LOC_STRINGS = NO;
				SWIFT_VERSION = 5.0;
				TARGETED_DEVICE_FAMILY = "1,2";
				TEST_TARGET_NAME = Githubing;
			};
			name = Debug;
		};
		BE8C66072B71999600C1C61C /* Release */ = {
			isa = XCBuildConfiguration;
			buildSettings = {
				ALWAYS_EMBED_SWIFT_STANDARD_LIBRARIES = YES;
				CODE_SIGN_STYLE = Automatic;
				CURRENT_PROJECT_VERSION = 1;
				DEVELOPMENT_TEAM = 77QB78PHPH;
				GENERATE_INFOPLIST_FILE = YES;
				MARKETING_VERSION = 1.0;
				PRODUCT_BUNDLE_IDENTIFIER = com.saults.GithubingUITests;
				PRODUCT_NAME = "$(TARGET_NAME)";
				SWIFT_EMIT_LOC_STRINGS = NO;
				SWIFT_VERSION = 5.0;
				TARGETED_DEVICE_FAMILY = "1,2";
				TEST_TARGET_NAME = Githubing;
			};
			name = Release;
		};
/* End XCBuildConfiguration section */

/* Begin XCConfigurationList section */
		BE8C65CC2B71999300C1C61C /* Build configuration list for PBXProject "Githubing" */ = {
			isa = XCConfigurationList;
			buildConfigurations = (
				BE8C65FD2B71999600C1C61C /* Debug */,
				BE8C65FE2B71999600C1C61C /* Release */,
			);
			defaultConfigurationIsVisible = 0;
			defaultConfigurationName = Release;
		};
		BE8C65FF2B71999600C1C61C /* Build configuration list for PBXNativeTarget "Githubing" */ = {
			isa = XCConfigurationList;
			buildConfigurations = (
				BE8C66002B71999600C1C61C /* Debug */,
				BE8C66012B71999600C1C61C /* Release */,
			);
			defaultConfigurationIsVisible = 0;
			defaultConfigurationName = Release;
		};
		BE8C66022B71999600C1C61C /* Build configuration list for PBXNativeTarget "GithubingTests" */ = {
			isa = XCConfigurationList;
			buildConfigurations = (
				BE8C66032B71999600C1C61C /* Debug */,
				BE8C66042B71999600C1C61C /* Release */,
			);
			defaultConfigurationIsVisible = 0;
			defaultConfigurationName = Release;
		};
		BE8C66052B71999600C1C61C /* Build configuration list for PBXNativeTarget "GithubingUITests" */ = {
			isa = XCConfigurationList;
			buildConfigurations = (
				BE8C66062B71999600C1C61C /* Debug */,
				BE8C66072B71999600C1C61C /* Release */,
			);
			defaultConfigurationIsVisible = 0;
			defaultConfigurationName = Release;
		};
/* End XCConfigurationList section */

/* Begin XCVersionGroup section */
		BE8C65DD2B71999400C1C61C /* Githubing.xcdatamodeld */ = {
			isa = XCVersionGroup;
			children = (
				BE8C65DE2B71999400C1C61C /* Githubing.xcdatamodel */,
			);
			currentVersion = BE8C65DE2B71999400C1C61C /* Githubing.xcdatamodel */;
			path = Githubing.xcdatamodeld;
			sourceTree = "<group>";
			versionGroupType = wrapper.xcdatamodel;
		};
/* End XCVersionGroup section */
	};
	rootObject = BE8C65C92B71999300C1C61C /* Project object */;
}
